
Microsoft Visual Studio Solution File, Format Version 12.00
# Visual Studio 15
VisualStudioVersion = 15.0.27130.2036
MinimumVisualStudioVersion = 10.0.40219.1
Project("{FAE04EC0-301F-11D3-BF4B-00C04F79EFBC}") = "microserviceExemplo", "microserviceExemplo\microserviceExemplo.csproj", "{A0EEEB62-D004-41E1-93A2-721C6E847A9D}"
EndProject
Global
	GlobalSection(SolutionConfigurationPlatforms) = preSolution
		Debug|Any CPU = Debug|Any CPU
		Release|Any CPU = Release|Any CPU
	EndGlobalSection
	GlobalSection(ProjectConfigurationPlatforms) = postSolution
		{A0EEEB62-D004-41E1-93A2-721C6E847A9D}.Debug|Any CPU.ActiveCfg = Debug|Any CPU
		{A0EEEB62-D004-41E1-93A2-721C6E847A9D}.Debug|Any CPU.Build.0 = Debug|Any CPU
		{A0EEEB62-D004-41E1-93A2-721C6E847A9D}.Release|Any CPU.ActiveCfg = Release|Any CPU
		{A0EEEB62-D004-41E1-93A2-721C6E847A9D}.Release|Any CPU.Build.0 = Release|Any CPU
	EndGlobalSection
	GlobalSection(SolutionProperties) = preSolution
		HideSolutionNode = FALSE
	EndGlobalSection
	GlobalSection(ExtensibilityGlobals) = postSolution
		SolutionGuid = {CCB7D416-2515-4B37-8D44-7E32277FEEE2}
	EndGlobalSection
EndGlobal
